
Microsoft Visual Studio Solution File, Format Version 12.00
# Visual Studio Version 16
VisualStudioVersion = 16.0.30114.105
MinimumVisualStudioVersion = 10.0.40219.1
Project("{9A19103F-16F7-4668-BE54-9A1E7A4F7556}") = "AdvertAPI", "AdvertAPI\AdvertAPI.csproj", "{597C32D1-F8C6-4726-A8EE-2F74A51A508B}"
EndProject
Project("{9A19103F-16F7-4668-BE54-9A1E7A4F7556}") = "AdvertAPI.Models", "AdvertAPI.Models\AdvertAPI.Models.csproj", "{08D30F5E-9371-467C-BE4F-8D44E593785C}"
EndProject
Global
	GlobalSection(SolutionConfigurationPlatforms) = preSolution
		Debug|Any CPU = Debug|Any CPU
		Debug|x64 = Debug|x64
		Debug|x86 = Debug|x86
		Release|Any CPU = Release|Any CPU
		Release|x64 = Release|x64
		Release|x86 = Release|x86
	EndGlobalSection
	GlobalSection(ProjectConfigurationPlatforms) = postSolution
		{597C32D1-F8C6-4726-A8EE-2F74A51A508B}.Debug|Any CPU.ActiveCfg = Debug|Any CPU
		{597C32D1-F8C6-4726-A8EE-2F74A51A508B}.Debug|Any CPU.Build.0 = Debug|Any CPU
		{597C32D1-F8C6-4726-A8EE-2F74A51A508B}.Debug|x64.ActiveCfg = Debug|Any CPU
		{597C32D1-F8C6-4726-A8EE-2F74A51A508B}.Debug|x64.Build.0 = Debug|Any CPU
		{597C32D1-F8C6-4726-A8EE-2F74A51A508B}.Debug|x86.ActiveCfg = Debug|Any CPU
		{597C32D1-F8C6-4726-A8EE-2F74A51A508B}.Debug|x86.Build.0 = Debug|Any CPU
		{597C32D1-F8C6-4726-A8EE-2F74A51A508B}.Release|Any CPU.ActiveCfg = Release|Any CPU
		{597C32D1-F8C6-4726-A8EE-2F74A51A508B}.Release|Any CPU.Build.0 = Release|Any CPU
		{597C32D1-F8C6-4726-A8EE-2F74A51A508B}.Release|x64.ActiveCfg = Release|Any CPU
		{597C32D1-F8C6-4726-A8EE-2F74A51A508B}.Release|x64.Build.0 = Release|Any CPU
		{597C32D1-F8C6-4726-A8EE-2F74A51A508B}.Release|x86.ActiveCfg = Release|Any CPU
		{597C32D1-F8C6-4726-A8EE-2F74A51A508B}.Release|x86.Build.0 = Release|Any CPU
		{08D30F5E-9371-467C-BE4F-8D44E593785C}.Debug|Any CPU.ActiveCfg = Debug|Any CPU
		{08D30F5E-9371-467C-BE4F-8D44E593785C}.Debug|Any CPU.Build.0 = Debug|Any CPU
		{08D30F5E-9371-467C-BE4F-8D44E593785C}.Debug|x64.ActiveCfg = Debug|Any CPU
		{08D30F5E-9371-467C-BE4F-8D44E593785C}.Debug|x64.Build.0 = Debug|Any CPU
		{08D30F5E-9371-467C-BE4F-8D44E593785C}.Debug|x86.ActiveCfg = Debug|Any CPU
		{08D30F5E-9371-467C-BE4F-8D44E593785C}.Debug|x86.Build.0 = Debug|Any CPU
		{08D30F5E-9371-467C-BE4F-8D44E593785C}.Release|Any CPU.ActiveCfg = Release|Any CPU
		{08D30F5E-9371-467C-BE4F-8D44E593785C}.Release|Any CPU.Build.0 = Release|Any CPU
		{08D30F5E-9371-467C-BE4F-8D44E593785C}.Release|x64.ActiveCfg = Release|Any CPU
		{08D30F5E-9371-467C-BE4F-8D44E593785C}.Release|x64.Build.0 = Release|Any CPU
		{08D30F5E-9371-467C-BE4F-8D44E593785C}.Release|x86.ActiveCfg = Release|Any CPU
		{08D30F5E-9371-467C-BE4F-8D44E593785C}.Release|x86.Build.0 = Release|Any CPU
	EndGlobalSection
	GlobalSection(SolutionProperties) = preSolution
		HideSolutionNode = FALSE
	EndGlobalSection
	GlobalSection(ExtensibilityGlobals) = postSolution
		SolutionGuid = {B424CC58-869F-469A-8AA9-FC5B79BD50E6}
	EndGlobalSection
EndGlobal
